
Microsoft Visual Studio Solution File, Format Version 12.00
# Visual Studio Version 16
VisualStudioVersion = 16.0.30320.27
MinimumVisualStudioVersion = 10.0.40219.1
Project("{FAE04EC0-301F-11D3-BF4B-00C04F79EFBC}") = "BolShpping", "BolShpping\BolShpping.csproj", "{F297D059-AC5A-436F-A752-E372DE292D8D}"
EndProject
Global
	GlobalSection(SolutionConfigurationPlatforms) = preSolution
		Debug|Any CPU = Debug|Any CPU
		Release|Any CPU = Release|Any CPU
	EndGlobalSection
	GlobalSection(ProjectConfigurationPlatforms) = postSolution
		{F297D059-AC5A-436F-A752-E372DE292D8D}.Debug|Any CPU.ActiveCfg = Debug|Any CPU
		{F297D059-AC5A-436F-A752-E372DE292D8D}.Debug|Any CPU.Build.0 = Debug|Any CPU
		{F297D059-AC5A-436F-A752-E372DE292D8D}.Release|Any CPU.ActiveCfg = Release|Any CPU
		{F297D059-AC5A-436F-A752-E372DE292D8D}.Release|Any CPU.Build.0 = Release|Any CPU
	EndGlobalSection
	GlobalSection(SolutionProperties) = preSolution
		HideSolutionNode = FALSE
	EndGlobalSection
	GlobalSection(ExtensibilityGlobals) = postSolution
		SolutionGuid = {18D6726D-79EA-4681-9CDC-1C4B03E9C875}
	EndGlobalSection
EndGlobal
